
Microsoft Visual Studio Solution File, Format Version 12.00
# Visual Studio Version 17
VisualStudioVersion = 17.14.36429.23 d17.14
MinimumVisualStudioVersion = 10.0.40219.1
Project("{FAE04EC0-301F-11D3-BF4B-00C04F79EFBC}") = "JunX.NET", "JunX.NET.csproj", "{8A7254CD-40A5-4558-ADEB-3F9DF93D4134}"
EndProject
Global
	GlobalSection(SolutionConfigurationPlatforms) = preSolution
		Debug|Any CPU = Debug|Any CPU
		Release|Any CPU = Release|Any CPU
	EndGlobalSection
	GlobalSection(ProjectConfigurationPlatforms) = postSolution
		{8A7254CD-40A5-4558-ADEB-3F9DF93D4134}.Debug|Any CPU.ActiveCfg = Debug|Any CPU
		{8A7254CD-40A5-4558-ADEB-3F9DF93D4134}.Debug|Any CPU.Build.0 = Debug|Any CPU
		{8A7254CD-40A5-4558-ADEB-3F9DF93D4134}.Release|Any CPU.ActiveCfg = Release|Any CPU
		{8A7254CD-40A5-4558-ADEB-3F9DF93D4134}.Release|Any CPU.Build.0 = Release|Any CPU
	EndGlobalSection
	GlobalSection(SolutionProperties) = preSolution
		HideSolutionNode = FALSE
	EndGlobalSection
	GlobalSection(ExtensibilityGlobals) = postSolution
		SolutionGuid = {C74F831B-4105-46A6-9FCA-21EF1EE61A3B}
	EndGlobalSection
EndGlobal
